// !$*UTF8*$!
{
	archiveVersion = 1;
	classes = {
	};
	objectVersion = 55;
	objects = {

/* Begin PBXBuildFile section */
		2468E6CD284FD19C008472FC /* AppDelegate.swift in Sources */ = {isa = PBXBuildFile; fileRef = 2468E6CC284FD19C008472FC /* AppDelegate.swift */; };
		2468E6CF284FD19C008472FC /* SceneDelegate.swift in Sources */ = {isa = PBXBuildFile; fileRef = 2468E6CE284FD19C008472FC /* SceneDelegate.swift */; };
		2468E6D4284FD19C008472FC /* Main.storyboard in Resources */ = {isa = PBXBuildFile; fileRef = 2468E6D2284FD19C008472FC /* Main.storyboard */; };
		2468E6D6284FD19E008472FC /* Assets.xcassets in Resources */ = {isa = PBXBuildFile; fileRef = 2468E6D5284FD19E008472FC /* Assets.xcassets */; };
		2468E6D9284FD19E008472FC /* LaunchScreen.storyboard in Resources */ = {isa = PBXBuildFile; fileRef = 2468E6D7284FD19E008472FC /* LaunchScreen.storyboard */; };
		2468E6E1284FE8B5008472FC /* Card.swift in Sources */ = {isa = PBXBuildFile; fileRef = 2468E6E0284FE8B4008472FC /* Card.swift */; };
		2468E6E5284FE97F008472FC /* CardController.swift in Sources */ = {isa = PBXBuildFile; fileRef = 2468E6E4284FE97F008472FC /* CardController.swift */; };
		2468E6E7284FEA2F008472FC /* CardError.swift in Sources */ = {isa = PBXBuildFile; fileRef = 2468E6E6284FEA2F008472FC /* CardError.swift */; };
		2468E6E9284FEFB4008472FC /* UIViewControllerExtension.swift in Sources */ = {isa = PBXBuildFile; fileRef = 2468E6E8284FEFB4008472FC /* UIViewControllerExtension.swift */; };
		2468E6EB284FF2A5008472FC /* CardViewController.swift in Sources */ = {isa = PBXBuildFile; fileRef = 2468E6EA284FF2A5008472FC /* CardViewController.swift */; };
/* End PBXBuildFile section */

/* Begin PBXFileReference section */
		2468E6C9284FD19C008472FC /* Deck Of One Card.app */ = {isa = PBXFileReference; explicitFileType = wrapper.application; includeInIndex = 0; path = "Deck Of One Card.app"; sourceTree = BUILT_PRODUCTS_DIR; };
		2468E6CC284FD19C008472FC /* AppDelegate.swift */ = {isa = PBXFileReference; lastKnownFileType = sourcecode.swift; path = AppDelegate.swift; sourceTree = "<group>"; };
		2468E6CE284FD19C008472FC /* SceneDelegate.swift */ = {isa = PBXFileReference; lastKnownFileType = sourcecode.swift; path = SceneDelegate.swift; sourceTree = "<group>"; };
		2468E6D3284FD19C008472FC /* Base */ = {isa = PBXFileReference; lastKnownFileType = file.storyboard; name = Base; path = Base.lproj/Main.storyboard; sourceTree = "<group>"; };
		2468E6D5284FD19E008472FC /* Assets.xcassets */ = {isa = PBXFileReference; lastKnownFileType = folder.assetcatalog; path = Assets.xcassets; sourceTree = "<group>"; };
		2468E6D8284FD19E008472FC /* Base */ = {isa = PBXFileReference; lastKnownFileType = file.storyboard; name = Base; path = Base.lproj/LaunchScreen.storyboard; sourceTree = "<group>"; };
		2468E6DA284FD19E008472FC /* Info.plist */ = {isa = PBXFileReference; lastKnownFileType = text.plist.xml; path = Info.plist; sourceTree = "<group>"; };
		2468E6E0284FE8B4008472FC /* Card.swift */ = {isa = PBXFileReference; lastKnownFileType = sourcecode.swift; path = Card.swift; sourceTree = "<group>"; };
		2468E6E4284FE97F008472FC /* CardController.swift */ = {isa = PBXFileReference; lastKnownFileType = sourcecode.swift; path = CardController.swift; sourceTree = "<group>"; };
		2468E6E6284FEA2F008472FC /* CardError.swift */ = {isa = PBXFileReference; lastKnownFileType = sourcecode.swift; path = CardError.swift; sourceTree = "<group>"; };
		2468E6E8284FEFB4008472FC /* UIViewControllerExtension.swift */ = {isa = PBXFileReference; lastKnownFileType = sourcecode.swift; path = UIViewControllerExtension.swift; sourceTree = "<group>"; };
		2468E6EA284FF2A5008472FC /* CardViewController.swift */ = {isa = PBXFileReference; lastKnownFileType = sourcecode.swift; path = CardViewController.swift; sourceTree = "<group>"; };
/* End PBXFileReference section */

/* Begin PBXFrameworksBuildPhase section */
		2468E6C6284FD19C008472FC /* Frameworks */ = {
			isa = PBXFrameworksBuildPhase;
			buildActionMask = 2147483647;
			files = (
			);
			runOnlyForDeploymentPostprocessing = 0;
		};
/* End PBXFrameworksBuildPhase section */

/* Begin PBXGroup section */
		2468E6C0284FD19C008472FC = {
			isa = PBXGroup;
			children = (
				2468E6CB284FD19C008472FC /* Deck Of One Card */,
				2468E6CA284FD19C008472FC /* Products */,
			);
			sourceTree = "<group>";
		};
		2468E6CA284FD19C008472FC /* Products */ = {
			isa = PBXGroup;
			children = (
				2468E6C9284FD19C008472FC /* Deck Of One Card.app */,
			);
			name = Products;
			sourceTree = "<group>";
		};
		2468E6CB284FD19C008472FC /* Deck Of One Card */ = {
			isa = PBXGroup;
			children = (
				2468E6E0284FE8B4008472FC /* Card.swift */,
				2468E6CC284FD19C008472FC /* AppDelegate.swift */,
				2468E6CE284FD19C008472FC /* SceneDelegate.swift */,
				2468E6D2284FD19C008472FC /* Main.storyboard */,
				2468E6D5284FD19E008472FC /* Assets.xcassets */,
				2468E6D7284FD19E008472FC /* LaunchScreen.storyboard */,
				2468E6DA284FD19E008472FC /* Info.plist */,
				2468E6E4284FE97F008472FC /* CardController.swift */,
				2468E6E6284FEA2F008472FC /* CardError.swift */,
				2468E6E8284FEFB4008472FC /* UIViewControllerExtension.swift */,
				2468E6EA284FF2A5008472FC /* CardViewController.swift */,
			);
			path = "Deck Of One Card";
			sourceTree = "<group>";
		};
/* End PBXGroup section */

/* Begin PBXNativeTarget section */
		2468E6C8284FD19C008472FC /* Deck Of One Card */ = {
			isa = PBXNativeTarget;
			buildConfigurationList = 2468E6DD284FD19E008472FC /* Build configuration list for PBXNativeTarget "Deck Of One Card" */;
			buildPhases = (
				2468E6C5284FD19C008472FC /* Sources */,
				2468E6C6284FD19C008472FC /* Frameworks */,
				2468E6C7284FD19C008472FC /* Resources */,
			);
			buildRules = (
			);
			dependencies = (
			);
			name = "Deck Of One Card";
			productName = "Deck Of One Card";
			productReference = 2468E6C9284FD19C008472FC /* Deck Of One Card.app */;
			productType = "com.apple.product-type.application";
		};
/* End PBXNativeTarget section */

/* Begin PBXProject section */
		2468E6C1284FD19C008472FC /* Project object */ = {
			isa = PBXProject;
			attributes = {
				BuildIndependentTargetsInParallel = 1;
				LastSwiftUpdateCheck = 1340;
				LastUpgradeCheck = 1340;
				TargetAttributes = {
					2468E6C8284FD19C008472FC = {
						CreatedOnToolsVersion = 13.4;
					};
				};
			};
			buildConfigurationList = 2468E6C4284FD19C008472FC /* Build configuration list for PBXProject "Deck Of One Card" */;
			compatibilityVersion = "Xcode 13.0";
			developmentRegion = en;
			hasScannedForEncodings = 0;
			knownRegions = (
				en,
				Base,
			);
			mainGroup = 2468E6C0284FD19C008472FC;
			productRefGroup = 2468E6CA284FD19C008472FC /* Products */;
			projectDirPath = "";
			projectRoot = "";
			targets = (
				2468E6C8284FD19C008472FC /* Deck Of One Card */,
			);
		};
/* End PBXProject section */

/* Begin PBXResourcesBuildPhase section */
		2468E6C7284FD19C008472FC /* Resources */ = {
			isa = PBXResourcesBuildPhase;
			buildActionMask = 2147483647;
			files = (
				2468E6D9284FD19E008472FC /* LaunchScreen.storyboard in Resources */,
				2468E6D6284FD19E008472FC /* Assets.xcassets in Resources */,
				2468E6D4284FD19C008472FC /* Main.storyboard in Resources */,
			);
			runOnlyForDeploymentPostprocessing = 0;
		};
/* End PBXResourcesBuildPhase section */

/* Begin PBXSourcesBuildPhase section */
		2468E6C5284FD19C008472FC /* Sources */ = {
			isa = PBXSourcesBuildPhase;
			buildActionMask = 2147483647;
			files = (
				2468E6E5284FE97F008472FC /* CardController.swift in Sources */,
				2468E6E7284FEA2F008472FC /* CardError.swift in Sources */,
				2468E6CD284FD19C008472FC /* AppDelegate.swift in Sources */,
				2468E6EB284FF2A5008472FC /* CardViewController.swift in Sources */,
				2468E6CF284FD19C008472FC /* SceneDelegate.swift in Sources */,
				2468E6E9284FEFB4008472FC /* UIViewControllerExtension.swift in Sources */,
				2468E6E1284FE8B5008472FC /* Card.swift in Sources */,
			);
			runOnlyForDeploymentPostprocessing = 0;
		};
/* End PBXSourcesBuildPhase section */

/* Begin PBXVariantGroup section */
		2468E6D2284FD19C008472FC /* Main.storyboard */ = {
			isa = PBXVariantGroup;
			children = (
				2468E6D3284FD19C008472FC /* Base */,
			);
			name = Main.storyboard;
			sourceTree = "<group>";
		};
		2468E6D7284FD19E008472FC /* LaunchScreen.storyboard */ = {
			isa = PBXVariantGroup;
			children = (
				2468E6D8284FD19E008472FC /* Base */,
			);
			name = LaunchScreen.storyboard;
			sourceTree = "<group>";
		};
/* End PBXVariantGroup section */

/* Begin XCBuildConfiguration section */
		2468E6DB284FD19E008472FC /* Debug */ = {
			isa = XCBuildConfiguration;
			buildSettings = {
				ALWAYS_SEARCH_USER_PATHS = NO;
				CLANG_ANALYZER_NONNULL = YES;
				CLANG_ANALYZER_NUMBER_OBJECT_CONVERSION = YES_AGGRESSIVE;
				CLANG_CXX_LANGUAGE_STANDARD = "gnu++17";
				CLANG_ENABLE_MODULES = YES;
				CLANG_ENABLE_OBJC_ARC = YES;
				CLANG_ENABLE_OBJC_WEAK = YES;
				CLANG_WARN_BLOCK_CAPTURE_AUTORELEASING = YES;
				CLANG_WARN_BOOL_CONVERSION = YES;
				CLANG_WARN_COMMA = YES;
				CLANG_WARN_CONSTANT_CONVERSION = YES;
				CLANG_WARN_DEPRECATED_OBJC_IMPLEMENTATIONS = YES;
				CLANG_WARN_DIRECT_OBJC_ISA_USAGE = YES_ERROR;
				CLANG_WARN_DOCUMENTATION_COMMENTS = YES;
				CLANG_WARN_EMPTY_BODY = YES;
				CLANG_WARN_ENUM_CONVERSION = YES;
				CLANG_WARN_INFINITE_RECURSION = YES;
				CLANG_WARN_INT_CONVERSION = YES;
				CLANG_WARN_NON_LITERAL_NULL_CONVERSION = YES;
				CLANG_WARN_OBJC_IMPLICIT_RETAIN_SELF = YES;
				CLANG_WARN_OBJC_LITERAL_CONVERSION = YES;
				CLANG_WARN_OBJC_ROOT_CLASS = YES_ERROR;
				CLANG_WARN_QUOTED_INCLUDE_IN_FRAMEWORK_HEADER = YES;
				CLANG_WARN_RANGE_LOOP_ANALYSIS = YES;
				CLANG_WARN_STRICT_PROTOTYPES = YES;
				CLANG_WARN_SUSPICIOUS_MOVE = YES;
				CLANG_WARN_UNGUARDED_AVAILABILITY = YES_AGGRESSIVE;
				CLANG_WARN_UNREACHABLE_CODE = YES;
				CLANG_WARN__DUPLICATE_METHOD_MATCH = YES;
				COPY_PHASE_STRIP = NO;
				DEBUG_INFORMATION_FORMAT = dwarf;
				ENABLE_STRICT_OBJC_MSGSEND = YES;
				ENABLE_TESTABILITY = YES;
				GCC_C_LANGUAGE_STANDARD = gnu11;
				GCC_DYNAMIC_NO_PIC = NO;
				GCC_NO_COMMON_BLOCKS = YES;
				GCC_OPTIMIZATION_LEVEL = 0;
				GCC_PREPROCESSOR_DEFINITIONS = (
					"DEBUG=1",
					"$(inherited)",
				);
				GCC_WARN_64_TO_32_BIT_CONVERSION = YES;
				GCC_WARN_ABOUT_RETURN_TYPE = YES_ERROR;
				GCC_WARN_UNDECLARED_SELECTOR = YES;
				GCC_WARN_UNINITIALIZED_AUTOS = YES_AGGRESSIVE;
				GCC_WARN_UNUSED_FUNCTION = YES;
				GCC_WARN_UNUSED_VARIABLE = YES;
				IPHONEOS_DEPLOYMENT_TARGET = 15.5;
				MTL_ENABLE_DEBUG_INFO = INCLUDE_SOURCE;
				MTL_FAST_MATH = YES;
				ONLY_ACTIVE_ARCH = YES;
				SDKROOT = iphoneos;
				SWIFT_ACTIVE_COMPILATION_CONDITIONS = DEBUG;
				SWIFT_OPTIMIZATION_LEVEL = "-Onone";
			};
			name = Debug;
		};
		2468E6DC284FD19E008472FC /* Release */ = {
			isa = XCBuildConfiguration;
			buildSettings = {
				ALWAYS_SEARCH_USER_PATHS = NO;
				CLANG_ANALYZER_NONNULL = YES;
				CLANG_ANALYZER_NUMBER_OBJECT_CONVERSION = YES_AGGRESSIVE;
				CLANG_CXX_LANGUAGE_STANDARD = "gnu++17";
				CLANG_ENABLE_MODULES = YES;
				CLANG_ENABLE_OBJC_ARC = YES;
				CLANG_ENABLE_OBJC_WEAK = YES;
				CLANG_WARN_BLOCK_CAPTURE_AUTORELEASING = YES;
				CLANG_WARN_BOOL_CONVERSION = YES;
				CLANG_WARN_COMMA = YES;
				CLANG_WARN_CONSTANT_CONVERSION = YES;
				CLANG_WARN_DEPRECATED_OBJC_IMPLEMENTATIONS = YES;
				CLANG_WARN_DIRECT_OBJC_ISA_USAGE = YES_ERROR;
				CLANG_WARN_DOCUMENTATION_COMMENTS = YES;
				CLANG_WARN_EMPTY_BODY = YES;
				CLANG_WARN_ENUM_CONVERSION = YES;
				CLANG_WARN_INFINITE_RECURSION = YES;
				CLANG_WARN_INT_CONVERSION = YES;
				CLANG_WARN_NON_LITERAL_NULL_CONVERSION = YES;
				CLANG_WARN_OBJC_IMPLICIT_RETAIN_SELF = YES;
				CLANG_WARN_OBJC_LITERAL_CONVERSION = YES;
				CLANG_WARN_OBJC_ROOT_CLASS = YES_ERROR;
				CLANG_WARN_QUOTED_INCLUDE_IN_FRAMEWORK_HEADER = YES;
				CLANG_WARN_RANGE_LOOP_ANALYSIS = YES;
				CLANG_WARN_STRICT_PROTOTYPES = YES;
				CLANG_WARN_SUSPICIOUS_MOVE = YES;
				CLANG_WARN_UNGUARDED_AVAILABILITY = YES_AGGRESSIVE;
				CLANG_WARN_UNREACHABLE_CODE = YES;
				CLANG_WARN__DUPLICATE_METHOD_MATCH = YES;
				COPY_PHASE_STRIP = NO;
				DEBUG_INFORMATION_FORMAT = "dwarf-with-dsym";
				ENABLE_NS_ASSERTIONS = NO;
				ENABLE_STRICT_OBJC_MSGSEND = YES;
				GCC_C_LANGUAGE_STANDARD = gnu11;
				GCC_NO_COMMON_BLOCKS = YES;
				GCC_WARN_64_TO_32_BIT_CONVERSION = YES;
				GCC_WARN_ABOUT_RETURN_TYPE = YES_ERROR;
				GCC_WARN_UNDECLARED_SELECTOR = YES;
				GCC_WARN_UNINITIALIZED_AUTOS = YES_AGGRESSIVE;
				GCC_WARN_UNUSED_FUNCTION = YES;
				GCC_WARN_UNUSED_VARIABLE = YES;
				IPHONEOS_DEPLOYMENT_TARGET = 15.5;
				MTL_ENABLE_DEBUG_INFO = NO;
				MTL_FAST_MATH = YES;
				SDKROOT = iphoneos;
				SWIFT_COMPILATION_MODE = wholemodule;
				SWIFT_OPTIMIZATION_LEVEL = "-O";
				VALIDATE_PRODUCT = YES;
			};
			name = Release;
		};
		2468E6DE284FD19E008472FC /* Debug */ = {
			isa = XCBuildConfiguration;
			buildSettings = {
				ASSETCATALOG_COMPILER_APPICON_NAME = AppIcon;
				ASSETCATALOG_COMPILER_GLOBAL_ACCENT_COLOR_NAME = AccentColor;
				CODE_SIGN_STYLE = Automatic;
				CURRENT_PROJECT_VERSION = 1;
				DEVELOPMENT_TEAM = X39HH6F75Z;
				GENERATE_INFOPLIST_FILE = YES;
				INFOPLIST_FILE = "Deck Of One Card/Info.plist";
				INFOPLIST_KEY_UIApplicationSupportsIndirectInputEvents = YES;
				INFOPLIST_KEY_UILaunchStoryboardName = LaunchScreen;
				INFOPLIST_KEY_UIMainStoryboardFile = Main;
				INFOPLIST_KEY_UISupportedInterfaceOrientations_iPad = "UIInterfaceOrientationPortrait UIInterfaceOrientationPortraitUpsideDown UIInterfaceOrientationLandscapeLeft UIInterfaceOrientationLandscapeRight";
				INFOPLIST_KEY_UISupportedInterfaceOrientations_iPhone = "UIInterfaceOrientationPortrait UIInterfaceOrientationLandscapeLeft UIInterfaceOrientationLandscapeRight";
				LD_RUNPATH_SEARCH_PATHS = (
					"$(inherited)",
					"@executable_path/Frameworks",
				);
				MARKETING_VERSION = 1.0;
				PRODUCT_BUNDLE_IDENTIFIER = "com.example.Deck-Of-One-Card";
				PRODUCT_NAME = "$(TARGET_NAME)";
				SWIFT_EMIT_LOC_STRINGS = YES;
				SWIFT_VERSION = 5.0;
				TARGETED_DEVICE_FAMILY = "1,2";
			};
			name = Debug;
		};
		2468E6DF284FD19E008472FC /* Release */ = {
			isa = XCBuildConfiguration;
			buildSettings = {
				ASSETCATALOG_COMPILER_APPICON_NAME = AppIcon;
				ASSETCATALOG_COMPILER_GLOBAL_ACCENT_COLOR_NAME = AccentColor;
				CODE_SIGN_STYLE = Automatic;
				CURRENT_PROJECT_VERSION = 1;
				DEVELOPMENT_TEAM = X39HH6F75Z;
				GENERATE_INFOPLIST_FILE = YES;
				INFOPLIST_FILE = "Deck Of One Card/Info.plist";
				INFOPLIST_KEY_UIApplicationSupportsIndirectInputEvents = YES;
				INFOPLIST_KEY_UILaunchStoryboardName = LaunchScreen;
				INFOPLIST_KEY_UIMainStoryboardFile = Main;
				INFOPLIST_KEY_UISupportedInterfaceOrientations_iPad = "UIInterfaceOrientationPortrait UIInterfaceOrientationPortraitUpsideDown UIInterfaceOrientationLandscapeLeft UIInterfaceOrientationLandscapeRight";
				INFOPLIST_KEY_UISupportedInterfaceOrientations_iPhone = "UIInterfaceOrientationPortrait UIInterfaceOrientationLandscapeLeft UIInterfaceOrientationLandscapeRight";
				LD_RUNPATH_SEARCH_PATHS = (
					"$(inherited)",
					"@executable_path/Frameworks",
				);
				MARKETING_VERSION = 1.0;
				PRODUCT_BUNDLE_IDENTIFIER = "com.example.Deck-Of-One-Card";
				PRODUCT_NAME = "$(TARGET_NAME)";
				SWIFT_EMIT_LOC_STRINGS = YES;
				SWIFT_VERSION = 5.0;
				TARGETED_DEVICE_FAMILY = "1,2";
			};
			name = Release;
		};
/* End XCBuildConfiguration section */

/* Begin XCConfigurationList section */
		2468E6C4284FD19C008472FC /* Build configuration list for PBXProject "Deck Of One Card" */ = {
			isa = XCConfigurationList;
			buildConfigurations = (
				2468E6DB284FD19E008472FC /* Debug */,
				2468E6DC284FD19E008472FC /* Release */,
			);
			defaultConfigurationIsVisible = 0;
			defaultConfigurationName = Release;
		};
		2468E6DD284FD19E008472FC /* Build configuration list for PBXNativeTarget "Deck Of One Card" */ = {
			isa = XCConfigurationList;
			buildConfigurations = (
				2468E6DE284FD19E008472FC /* Debug */,
				2468E6DF284FD19E008472FC /* Release */,
			);
			defaultConfigurationIsVisible = 0;
			defaultConfigurationName = Release;
		};
/* End XCConfigurationList section */
	};
	rootObject = 2468E6C1284FD19C008472FC /* Project object */;
}
